
Microsoft Visual Studio Solution File, Format Version 12.00
# Visual Studio 15
VisualStudioVersion = 15.0.28307.2017
MinimumVisualStudioVersion = 10.0.40219.1
Project("{F184B08F-C81C-45F6-A57F-5ABD9991F28F}") = "SICAD09", "SICAD09\SICAD09.vbproj", "{15A4650F-2BA3-40E2-B255-6EF609DFB3AA}"
EndProject
Global
	GlobalSection(SolutionConfigurationPlatforms) = preSolution
		Debug|Any CPU = Debug|Any CPU
		Release|Any CPU = Release|Any CPU
	EndGlobalSection
	GlobalSection(ProjectConfigurationPlatforms) = postSolution
		{15A4650F-2BA3-40E2-B255-6EF609DFB3AA}.Debug|Any CPU.ActiveCfg = Debug|Any CPU
		{15A4650F-2BA3-40E2-B255-6EF609DFB3AA}.Debug|Any CPU.Build.0 = Debug|Any CPU
		{15A4650F-2BA3-40E2-B255-6EF609DFB3AA}.Release|Any CPU.ActiveCfg = Release|Any CPU
		{15A4650F-2BA3-40E2-B255-6EF609DFB3AA}.Release|Any CPU.Build.0 = Release|Any CPU
	EndGlobalSection
	GlobalSection(SolutionProperties) = preSolution
		HideSolutionNode = FALSE
	EndGlobalSection
	GlobalSection(ExtensibilityGlobals) = postSolution
		SolutionGuid = {E7942E74-AF46-4EB9-A71D-D8EBAAFDDC81}
	EndGlobalSection
EndGlobal
